
Microsoft Visual Studio Solution File, Format Version 12.00
# Visual Studio Version 16
VisualStudioVersion = 16.0.30611.23
MinimumVisualStudioVersion = 10.0.40219.1
Project("{FAE04EC0-301F-11D3-BF4B-00C04F79EFBC}") = "CrmBL", "CrmBL\CrmBL.csproj", "{D71E781E-65DC-499D-9C6B-CC90894E4684}"
EndProject
Project("{FAE04EC0-301F-11D3-BF4B-00C04F79EFBC}") = "CrmUI", "CrmUI\CrmUI.csproj", "{6B82AA32-F5E4-4A08-A222-477D61516913}"
EndProject
Global
	GlobalSection(SolutionConfigurationPlatforms) = preSolution
		Debug|Any CPU = Debug|Any CPU
		Release|Any CPU = Release|Any CPU
	EndGlobalSection
	GlobalSection(ProjectConfigurationPlatforms) = postSolution
		{D71E781E-65DC-499D-9C6B-CC90894E4684}.Debug|Any CPU.ActiveCfg = Debug|Any CPU
		{D71E781E-65DC-499D-9C6B-CC90894E4684}.Debug|Any CPU.Build.0 = Debug|Any CPU
		{D71E781E-65DC-499D-9C6B-CC90894E4684}.Release|Any CPU.ActiveCfg = Release|Any CPU
		{D71E781E-65DC-499D-9C6B-CC90894E4684}.Release|Any CPU.Build.0 = Release|Any CPU
		{6B82AA32-F5E4-4A08-A222-477D61516913}.Debug|Any CPU.ActiveCfg = Debug|Any CPU
		{6B82AA32-F5E4-4A08-A222-477D61516913}.Debug|Any CPU.Build.0 = Debug|Any CPU
		{6B82AA32-F5E4-4A08-A222-477D61516913}.Release|Any CPU.ActiveCfg = Release|Any CPU
		{6B82AA32-F5E4-4A08-A222-477D61516913}.Release|Any CPU.Build.0 = Release|Any CPU
	EndGlobalSection
	GlobalSection(SolutionProperties) = preSolution
		HideSolutionNode = FALSE
	EndGlobalSection
	GlobalSection(ExtensibilityGlobals) = postSolution
		SolutionGuid = {003AA675-3667-48B7-A789-FDE2F9A488B1}
	EndGlobalSection
EndGlobal
